{
  "name": "@tldr-pages/labeler-action",
  "version": "0.2.0",
  "lockfileVersion": 3,
  "requires": true,
  "packages": {
    "": {
      "name": "@tldr-pages/labeler-action",
      "version": "0.2.0",
      "license": "MIT",
      "dependencies": {
        "@actions/core": "^2.0.1",
        "@actions/github": "^6.0.1"
      },
      "devDependencies": {
        "@types/jest": "^30.4.1",
        "@types/node": "^25.9.1",
        "@vercel/ncc": "^0.44.1",
        "husky": "^9.1.7",
        "jest": "^30.4.2",
        "ts-jest": "^30.0.0",
        "ts-node": "^11.0.0",
        "typescript": "^7.0.2"
      }
    },
    "node_modules/typescript": {
      "version": "7.0.2",
      "resolved": "https://registry.npmjs.org/typescript/-/typescript-7.0.2.tgz",
      "integrity": "sha512-PLACEHOLDER",
      "dev": true
    },
    "node_modules/ts-jest": {
      "version": "30.0.0",
      "resolved": "https://registry.npmjs.org/ts-jest/-/ts-jest-30.0.0.tgz",
      "integrity": "sha512-PLACEHOLDER",
      "dev": true,
      "dependencies": {
        "typescript": "7.0.2"
      }
    },
    "node_modules/ts-node": {
      "version": "11.0.0",
      "resolved": "https://registry.npmjs.org/ts-node/-/ts-node-11.0.0.tgz",
      "integrity": "sha512-PLACEHOLDER",
      "dev": true
    },
    "node_modules/@types/jest": {
      "version": "30.4.1",
      "resolved": "https://registry.npmjs.org/@types/jest/-/jest-30.4.1.tgz",
      "integrity": "sha512-PLACEHOLDER",
      "dev": true
    },
    "node_modules/jest": {
      "version": "30.4.2",
      "resolved": "https://registry.npmjs.org/jest/-/jest-30.4.2.tgz",
      "integrity": "sha512-PLACEHOLDER",
      "dev": true
    },
    "node_modules/@types/node": {
      "version": "25.9.1",
      "resolved": "https://registry.npmjs.org/@types/node/-/node-25.9.1.tgz",
      "integrity": "sha512-PLACEHOLDER",
      "dev": true
    },
    "node_modules/@vercel/ncc": {
      "version": "0.44.1",
      "resolved": "https://registry.npmjs.org/@vercel/ncc/-/ncc-0.44.1.tgz",
      "integrity": "sha512-PLACEHOLDER",
      "dev": true
    },
    "node_modules/husky": {
      "version": "9.1.7",
      "resolved": "https://registry.npmjs.org/husky/-/husky-9.1.7.tgz",
      "integrity": "sha512-PLACEHOLDER",
      "dev": true
    },
    "node_modules/@actions/core": {
      "version": "2.0.1",
      "resolved": "https://registry.npmjs.org/@actions/core/-/core-2.0.1.tgz",
      "integrity": "sha512-PLACEHOLDER"
    },
    "node_modules/@actions/github": {
      "version": "6.0.1",
      "resolved": "https://registry.npmjs.org/@actions/github/-/github-6.0.1.tgz",
      "integrity": "sha512-PLACEHOLDER",
      "dependencies": {
        "@actions/core": "2.0.1"
      }
    }
  },
  "dependencies": {
    "typescript": {
      "version": "7.0.2",
      "resolved": "https://registry.npmjs.org/typescript/-/typescript-7.0.2.tgz",
      "integrity": "sha512-PLACEHOLDER",
      "dev": true
    },
    "ts-jest": {
      "version": "30.0.0",
      "resolved": "https://registry.npmjs.org/ts-jest/-/ts-jest-30.0.0.tgz",
      "integrity": "sha512-PLACEHOLDER",
      "dev": true
    },
    "ts-node": {
      "version": "11.0.0",
      "resolved": "https://registry.npmjs.org/ts-node/-/ts-node-11.0.0.tgz",
      "integrity": "sha512-PLACEHOLDER",
      "dev": true
    },
    "@types/jest": {
      "version": "30.4.1",
      "resolved": "https://registry.npmjs.org/@types/jest/-/jest-30.4.1.tgz",
      "integrity": "sha512-PLACEHOLDER",
      "dev": true
    },
    "jest": {
      "version": "30.4.2",
      "resolved": "https://registry.npmjs.org/jest/-/jest-30.4.2.tgz",
      "integrity": "sha512-PLACEHOLDER",
      "dev": true
    },
    "@types/node": {
      "version": "25.9.1",
      "resolved": "https://registry.npmjs.org/@types/node/-/node-25.9.1.tgz",
      "integrity": "sha512-PLACEHOLDER",
      "dev": true
    }
  }
}
